{
  "name": "preact-lazyimage",
  "version": "0.0.3",
  "lockfileVersion": 2,
  "requires": true,
  "packages": {
    "": {
      "name": "preact-lazyimage",
      "version": "0.0.3",
      "license": "MIT",
      "devDependencies": {
        "preact": "^10.x.x"
      },
      "peerDependencies": {
        "preact": "*"
      }
    },
    "node_modules/preact": {
      "version": "10.5.15",
      "integrity": "sha512-5chK29n6QcJc3m1lVrKQSQ+V7K1Gb8HeQY6FViQ5AxCAEGu3DaHffWNDkC9+miZgsLvbvU9rxbV1qinGHMHzqA==",
      "dev": true,
      "funding": {
        "type": "opencollective",
        "url": "https://opencollective.com/preact"
      }
    }
  },
  "dependencies": {
    "preact": {
      "version": "10.5.15",
      "dev": true
    }
  }
}
